
Microsoft Visual Studio Solution File, Format Version 12.00
# Visual Studio Version 16
VisualStudioVersion = 16.0.31025.194
MinimumVisualStudioVersion = 10.0.40219.1
Project("{8BC9CEB8-8B4A-11D0-8D11-00A0C91BC942}") = "UDPClient", "UDPClient\UDPClient.vcxproj", "{A63292F7-7F24-4362-9EE0-7EA1C2C5534D}"
EndProject
Global
	GlobalSection(SolutionConfigurationPlatforms) = preSolution
		Debug|x64 = Debug|x64
		Debug|x86 = Debug|x86
		Release|x64 = Release|x64
		Release|x86 = Release|x86
	EndGlobalSection
	GlobalSection(ProjectConfigurationPlatforms) = postSolution
		{A63292F7-7F24-4362-9EE0-7EA1C2C5534D}.Debug|x64.ActiveCfg = Debug|x64
		{A63292F7-7F24-4362-9EE0-7EA1C2C5534D}.Debug|x64.Build.0 = Debug|x64
		{A63292F7-7F24-4362-9EE0-7EA1C2C5534D}.Debug|x86.ActiveCfg = Debug|Win32
		{A63292F7-7F24-4362-9EE0-7EA1C2C5534D}.Debug|x86.Build.0 = Debug|Win32
		{A63292F7-7F24-4362-9EE0-7EA1C2C5534D}.Release|x64.ActiveCfg = Release|x64
		{A63292F7-7F24-4362-9EE0-7EA1C2C5534D}.Release|x64.Build.0 = Release|x64
		{A63292F7-7F24-4362-9EE0-7EA1C2C5534D}.Release|x86.ActiveCfg = Release|Win32
		{A63292F7-7F24-4362-9EE0-7EA1C2C5534D}.Release|x86.Build.0 = Release|Win32
	EndGlobalSection
	GlobalSection(SolutionProperties) = preSolution
		HideSolutionNode = FALSE
	EndGlobalSection
	GlobalSection(ExtensibilityGlobals) = postSolution
		SolutionGuid = {0AD46841-7FE5-4D92-B26E-CE06971E115B}
	EndGlobalSection
EndGlobal
